
Microsoft Visual Studio Solution File, Format Version 12.00
Project("{FAE04EC0-301F-11D3-BF4B-00C04F79EFBC}") = "SafeVaultWebApp.Web", "SafeVaultWebApp.Web\SafeVaultWebApp.Web.csproj", "{2F0FE9D6-5433-4134-9C7F-704C56D26F74}"
EndProject
Project("{FAE04EC0-301F-11D3-BF4B-00C04F79EFBC}") = "SafeVaultWebApp.Tests", "SafeVaultWebApp.Tests\SafeVaultWebApp.Tests.csproj", "{A9F3E8E8-8E4E-4B29-8B76-6D0F2A2A1B77}"
EndProject
Global
	GlobalSection(SolutionConfigurationPlatforms) = preSolution
		Debug|Any CPU = Debug|Any CPU
		Release|Any CPU = Release|Any CPU
	EndGlobalSection
	GlobalSection(ProjectConfigurationPlatforms) = postSolution
		{2F0FE9D6-5433-4134-9C7F-704C56D26F74}.Debug|Any CPU.ActiveCfg = Debug|Any CPU
		{2F0FE9D6-5433-4134-9C7F-704C56D26F74}.Debug|Any CPU.Build.0 = Debug|Any CPU
		{2F0FE9D6-5433-4134-9C7F-704C56D26F74}.Release|Any CPU.ActiveCfg = Release|Any CPU
		{2F0FE9D6-5433-4134-9C7F-704C56D26F74}.Release|Any CPU.Build.0 = Release|Any CPU
		{A9F3E8E8-8E4E-4B29-8B76-6D0F2A2A1B77}.Debug|Any CPU.ActiveCfg = Debug|Any CPU
		{A9F3E8E8-8E4E-4B29-8B76-6D0F2A2A1B77}.Debug|Any CPU.Build.0 = Debug|Any CPU
		{A9F3E8E8-8E4E-4B29-8B76-6D0F2A2A1B77}.Release|Any CPU.ActiveCfg = Release|Any CPU
		{A9F3E8E8-8E4E-4B29-8B76-6D0F2A2A1B77}.Release|Any CPU.Build.0 = Release|Any CPU
	EndGlobalSection
EndGlobal
